
Microsoft Visual Studio Solution File, Format Version 12.00
# Visual Studio Version 17
VisualStudioVersion = 17.5.2.0
MinimumVisualStudioVersion = 10.0.40219.1
Project("{FAE04EC0-301F-11D3-BF4B-00C04F79EFBC}") = "通通", "通通.csproj", "{BE01A191-72DC-CBFD-5168-9CEF152EDFF3}"
EndProject
Global
	GlobalSection(SolutionConfigurationPlatforms) = preSolution
		Debug|Any CPU = Debug|Any CPU
		Release|Any CPU = Release|Any CPU
	EndGlobalSection
	GlobalSection(ProjectConfigurationPlatforms) = postSolution
		{BE01A191-72DC-CBFD-5168-9CEF152EDFF3}.Debug|Any CPU.ActiveCfg = Debug|Any CPU
		{BE01A191-72DC-CBFD-5168-9CEF152EDFF3}.Debug|Any CPU.Build.0 = Debug|Any CPU
		{BE01A191-72DC-CBFD-5168-9CEF152EDFF3}.Release|Any CPU.ActiveCfg = Release|Any CPU
		{BE01A191-72DC-CBFD-5168-9CEF152EDFF3}.Release|Any CPU.Build.0 = Release|Any CPU
	EndGlobalSection
	GlobalSection(SolutionProperties) = preSolution
		HideSolutionNode = FALSE
	EndGlobalSection
	GlobalSection(ExtensibilityGlobals) = postSolution
		SolutionGuid = {98BFB51D-3DA7-4826-B188-D71A007B0C5A}
	EndGlobalSection
EndGlobal
